// !$*UTF8*$!
{
	archiveVersion = 1;
	classes = {
	};
	objectVersion = 77;
	objects = {

/* Begin PBXBuildFile section */
		E633CCB82EC4DF2400235D65 /* Assets.xcassets in Resources */ = {isa = PBXBuildFile; fileRef = E633CCB72EC4DF2400235D65 /* Assets.xcassets */; };
		E63863B92EC2BBA10011B872 /* GoogleSignIn in Frameworks */ = {isa = PBXBuildFile; productRef = E6C8A2922EC2B71D00F52C2E /* GoogleSignIn */; };
		E6F2DD372F003A86002708B0 /* FirebaseAI in Frameworks */ = {isa = PBXBuildFile; productRef = E6F2DD362F003A86002708B0 /* FirebaseAI */; };
		E6F2DD392F003A86002708B0 /* FirebaseAILogic in Frameworks */ = {isa = PBXBuildFile; productRef = E6F2DD382F003A86002708B0 /* FirebaseAILogic */; };
		E6F2DD3B2F003A86002708B0 /* FirebaseAnalytics in Frameworks */ = {isa = PBXBuildFile; productRef = E6F2DD3A2F003A86002708B0 /* FirebaseAnalytics */; };
		E6F2DD3D2F003A86002708B0 /* FirebaseAnalyticsCore in Frameworks */ = {isa = PBXBuildFile; productRef = E6F2DD3C2F003A86002708B0 /* FirebaseAnalyticsCore */; };
		E6F2DD3F2F003A86002708B0 /* FirebaseAnalyticsIdentitySupport in Frameworks */ = {isa = PBXBuildFile; productRef = E6F2DD3E2F003A86002708B0 /* FirebaseAnalyticsIdentitySupport */; };
		E6F2DD402F003A86002708B0 /* FirebaseAuth in Frameworks */ = {isa = PBXBuildFile; productRef = E6F2DD412F003A86002708B0 /* FirebaseAuth */; };
		E6F2DD422F003A86002708B0 /* FirebaseCore in Frameworks */ = {isa = PBXBuildFile; productRef = E6F2DD432F003A86002708B0 /* FirebaseCore */; };
		E6F2DEFB2F003D1B002708B0 /* GoogleService-Info.plist in Resources */ = {isa = PBXBuildFile; fileRef = E6F2DEFA2F003D1B002708B0 /* GoogleService-Info.plist */; };
/* End PBXBuildFile section */

/* Begin PBXContainerItemProxy section */
		9197CB812E4F9EF100304E8C /* PBXContainerItemProxy */ = {
			isa = PBXContainerItemProxy;
			containerPortal = 9197CB6A2E4F9EEB00304E8C /* Project object */;
			proxyType = 1;
			remoteGlobalIDString = 9197CB712E4F9EEB00304E8C;
			remoteInfo = byrdio;
		};
		9197CB8B2E4F9EF100304E8C /* PBXContainerItemProxy */ = {
			isa = PBXContainerItemProxy;
			containerPortal = 9197CB6A2E4F9EEB00304E8C /* Project object */;
			proxyType = 1;
			remoteGlobalIDString = 9197CB712E4F9EEB00304E8C;
			remoteInfo = byrdio;
		};
/* End PBXContainerItemProxy section */

/* Begin PBXFileReference section */
		9197CB722E4F9EEB00304E8C /* byrdio.app */ = {isa = PBXFileReference; explicitFileType = wrapper.application; includeInIndex = 0; path = byrdio.app; sourceTree = BUILT_PRODUCTS_DIR; };
		9197CB802E4F9EF100304E8C /* byrdioTests.xctest */ = {isa = PBXFileReference; explicitFileType = wrapper.cfbundle; includeInIndex = 0; path = byrdioTests.xctest; sourceTree = BUILT_PRODUCTS_DIR; };
		9197CB8A2E4F9EF100304E8C /* byrdioUITests.xctest */ = {isa = PBXFileReference; explicitFileType = wrapper.cfbundle; includeInIndex = 0; path = byrdioUITests.xctest; sourceTree = BUILT_PRODUCTS_DIR; };
		E633CCB72EC4DF2400235D65 /* Assets.xcassets */ = {isa = PBXFileReference; lastKnownFileType = folder.assetcatalog; path = Assets.xcassets; sourceTree = "<group>"; };
		E6F2DEFA2F003D1B002708B0 /* GoogleService-Info.plist */ = {isa = PBXFileReference; lastKnownFileType = text.plist.xml; path = "GoogleService-Info.plist"; sourceTree = "<group>"; };
/* End PBXFileReference section */

/* Begin PBXFileSystemSynchronizedBuildFileExceptionSet section */
		E69C66E22EC0E02300F2C696 /* Exceptions for "byrdio" folder in "byrdio" target */ = {
			isa = PBXFileSystemSynchronizedBuildFileExceptionSet;
			membershipExceptions = (
				Info.plist,
			);
			target = 9197CB712E4F9EEB00304E8C /* byrdio */;
		};
/* End PBXFileSystemSynchronizedBuildFileExceptionSet section */

/* Begin PBXFileSystemSynchronizedRootGroup section */
		9197CB742E4F9EEB00304E8C /* byrdio */ = {
			isa = PBXFileSystemSynchronizedRootGroup;
			exceptions = (
				E69C66E22EC0E02300F2C696 /* Exceptions for "byrdio" folder in "byrdio" target */,
			);
			path = byrdio;
			sourceTree = "<group>";
		};
		9197CB832E4F9EF100304E8C /* byrdioTests */ = {
			isa = PBXFileSystemSynchronizedRootGroup;
			path = byrdioTests;
			sourceTree = "<group>";
		};
		9197CB8D2E4F9EF100304E8C /* byrdioUITests */ = {
			isa = PBXFileSystemSynchronizedRootGroup;
			path = byrdioUITests;
			sourceTree = "<group>";
		};
/* End PBXFileSystemSynchronizedRootGroup section */

/* Begin PBXFrameworksBuildPhase section */
		9197CB6F2E4F9EEB00304E8C /* Frameworks */ = {
			isa = PBXFrameworksBuildPhase;
			buildActionMask = 2147483647;
			files = (
				E6F2DD392F003A86002708B0 /* FirebaseAILogic in Frameworks */,
				E63863B92EC2BBA10011B872 /* GoogleSignIn in Frameworks */,
				E6F2DD3F2F003A86002708B0 /* FirebaseAnalyticsIdentitySupport in Frameworks */,
				E6F2DD3D2F003A86002708B0 /* FirebaseAnalyticsCore in Frameworks */,
				E6F2DD3B2F003A86002708B0 /* FirebaseAnalytics in Frameworks */,
				E6F2DD372F003A86002708B0 /* FirebaseAI in Frameworks */,
				E6F2DD402F003A86002708B0 /* FirebaseAuth in Frameworks */,
				E6F2DD422F003A86002708B0 /* FirebaseCore in Frameworks */,
			);
			runOnlyForDeploymentPostprocessing = 0;
		};
		9197CB7D2E4F9EF100304E8C /* Frameworks */ = {
			isa = PBXFrameworksBuildPhase;
			buildActionMask = 2147483647;
			files = (
			);
			runOnlyForDeploymentPostprocessing = 0;
		};
		9197CB872E4F9EF100304E8C /* Frameworks */ = {
			isa = PBXFrameworksBuildPhase;
			buildActionMask = 2147483647;
			files = (
			);
			runOnlyForDeploymentPostprocessing = 0;
		};
/* End PBXFrameworksBuildPhase section */

/* Begin PBXGroup section */
		9197CB692E4F9EEB00304E8C = {
			isa = PBXGroup;
			children = (
				E6F2DEFA2F003D1B002708B0 /* GoogleService-Info.plist */,
				E633CCB72EC4DF2400235D65 /* Assets.xcassets */,
				9197CB742E4F9EEB00304E8C /* byrdio */,
				9197CB832E4F9EF100304E8C /* byrdioTests */,
				9197CB8D2E4F9EF100304E8C /* byrdioUITests */,
				9197CB732E4F9EEB00304E8C /* Products */,
			);
			sourceTree = "<group>";
		};
		9197CB732E4F9EEB00304E8C /* Products */ = {
			isa = PBXGroup;
			children = (
				9197CB722E4F9EEB00304E8C /* byrdio.app */,
				9197CB802E4F9EF100304E8C /* byrdioTests.xctest */,
				9197CB8A2E4F9EF100304E8C /* byrdioUITests.xctest */,
			);
			name = Products;
			sourceTree = "<group>";
		};
/* End PBXGroup section */

/* Begin PBXNativeTarget section */
		9197CB712E4F9EEB00304E8C /* byrdio */ = {
			isa = PBXNativeTarget;
			buildConfigurationList = 9197CB942E4F9EF100304E8C /* Build configuration list for PBXNativeTarget "byrdio" */;
			buildPhases = (
				9197CB6E2E4F9EEB00304E8C /* Sources */,
				9197CB6F2E4F9EEB00304E8C /* Frameworks */,
				9197CB702E4F9EEB00304E8C /* Resources */,
			);
			buildRules = (
			);
			dependencies = (
			);
			fileSystemSynchronizedGroups = (
				9197CB742E4F9EEB00304E8C /* byrdio */,
			);
			name = byrdio;
			packageProductDependencies = (
				E6C8A2922EC2B71D00F52C2E /* GoogleSignIn */,
				E6F2DD362F003A86002708B0 /* FirebaseAI */,
				E6F2DD382F003A86002708B0 /* FirebaseAILogic */,
				E6F2DD3A2F003A86002708B0 /* FirebaseAnalytics */,
				E6F2DD3C2F003A86002708B0 /* FirebaseAnalyticsCore */,
				E6F2DD3E2F003A86002708B0 /* FirebaseAnalyticsIdentitySupport */,
				E6F2DD412F003A86002708B0 /* FirebaseAuth */,
				E6F2DD432F003A86002708B0 /* FirebaseCore */,
			);
			productName = byrdio;
			productReference = 9197CB722E4F9EEB00304E8C /* byrdio.app */;
			productType = "com.apple.product-type.application";
		};
		9197CB7F2E4F9EF100304E8C /* byrdioTests */ = {
			isa = PBXNativeTarget;
			buildConfigurationList = 9197CB972E4F9EF100304E8C /* Build configuration list for PBXNativeTarget "byrdioTests" */;
			buildPhases = (
				9197CB7C2E4F9EF100304E8C /* Sources */,
				9197CB7D2E4F9EF100304E8C /* Frameworks */,
				9197CB7E2E4F9EF100304E8C /* Resources */,
			);
			buildRules = (
			);
			dependencies = (
				9197CB822E4F9EF100304E8C /* PBXTargetDependency */,
			);
			fileSystemSynchronizedGroups = (
				9197CB832E4F9EF100304E8C /* byrdioTests */,
			);
			name = byrdioTests;
			packageProductDependencies = (
			);
			productName = byrdioTests;
			productReference = 9197CB802E4F9EF100304E8C /* byrdioTests.xctest */;
			productType = "com.apple.product-type.bundle.unit-test";
		};
		9197CB892E4F9EF100304E8C /* byrdioUITests */ = {
			isa = PBXNativeTarget;
			buildConfigurationList = 9197CB9A2E4F9EF100304E8C /* Build configuration list for PBXNativeTarget "byrdioUITests" */;
			buildPhases = (
				9197CB862E4F9EF100304E8C /* Sources */,
				9197CB872E4F9EF100304E8C /* Frameworks */,
				9197CB882E4F9EF100304E8C /* Resources */,
			);
			buildRules = (
			);
			dependencies = (
				9197CB8C2E4F9EF100304E8C /* PBXTargetDependency */,
			);
			fileSystemSynchronizedGroups = (
				9197CB8D2E4F9EF100304E8C /* byrdioUITests */,
			);
			name = byrdioUITests;
			packageProductDependencies = (
			);
			productName = byrdioUITests;
			productReference = 9197CB8A2E4F9EF100304E8C /* byrdioUITests.xctest */;
			productType = "com.apple.product-type.bundle.ui-testing";
		};
/* End PBXNativeTarget section */

/* Begin PBXProject section */
		9197CB6A2E4F9EEB00304E8C /* Project object */ = {
			isa = PBXProject;
			attributes = {
				BuildIndependentTargetsInParallel = 1;
				LastSwiftUpdateCheck = 1640;
				LastUpgradeCheck = 2610;
				TargetAttributes = {
					9197CB712E4F9EEB00304E8C = {
						CreatedOnToolsVersion = 16.4;
					};
					9197CB7F2E4F9EF100304E8C = {
						CreatedOnToolsVersion = 16.4;
						TestTargetID = 9197CB712E4F9EEB00304E8C;
					};
					9197CB892E4F9EF100304E8C = {
						CreatedOnToolsVersion = 16.4;
						TestTargetID = 9197CB712E4F9EEB00304E8C;
					};
				};
			};
			buildConfigurationList = 9197CB6D2E4F9EEB00304E8C /* Build configuration list for PBXProject "byrdio" */;
			developmentRegion = en;
			hasScannedForEncodings = 0;
			knownRegions = (
				en,
				Base,
			);
			mainGroup = 9197CB692E4F9EEB00304E8C;
			minimizedProjectReferenceProxies = 1;
			packageReferences = (
				E6C8A2912EC2B71D00F52C2E /* XCRemoteSwiftPackageReference "GoogleSignIn-iOS" */,
				E6F2DD352F003A86002708B0 /* XCRemoteSwiftPackageReference "firebase-ios-sdk" */,
			);
			preferredProjectObjectVersion = 77;
			productRefGroup = 9197CB732E4F9EEB00304E8C /* Products */;
			projectDirPath = "";
			projectRoot = "";
			targets = (
				9197CB712E4F9EEB00304E8C /* byrdio */,
				9197CB7F2E4F9EF100304E8C /* byrdioTests */,
				9197CB892E4F9EF100304E8C /* byrdioUITests */,
			);
		};
/* End PBXProject section */

/* Begin PBXResourcesBuildPhase section */
		9197CB702E4F9EEB00304E8C /* Resources */ = {
			isa = PBXResourcesBuildPhase;
			buildActionMask = 2147483647;
			files = (
				E6F2DEFB2F003D1B002708B0 /* GoogleService-Info.plist in Resources */,
				E633CCB82EC4DF2400235D65 /* Assets.xcassets in Resources */,
			);
			runOnlyForDeploymentPostprocessing = 0;
		};
		9197CB7E2E4F9EF100304E8C /* Resources */ = {
			isa = PBXResourcesBuildPhase;
			buildActionMask = 2147483647;
			files = (
			);
			runOnlyForDeploymentPostprocessing = 0;
		};
		9197CB882E4F9EF100304E8C /* Resources */ = {
			isa = PBXResourcesBuildPhase;
			buildActionMask = 2147483647;
			files = (
			);
			runOnlyForDeploymentPostprocessing = 0;
		};
/* End PBXResourcesBuildPhase section */

/* Begin PBXSourcesBuildPhase section */
		9197CB6E2E4F9EEB00304E8C /* Sources */ = {
			isa = PBXSourcesBuildPhase;
			buildActionMask = 2147483647;
			files = (
			);
			runOnlyForDeploymentPostprocessing = 0;
		};
		9197CB7C2E4F9EF100304E8C /* Sources */ = {
			isa = PBXSourcesBuildPhase;
			buildActionMask = 2147483647;
			files = (
			);
			runOnlyForDeploymentPostprocessing = 0;
		};
		9197CB862E4F9EF100304E8C /* Sources */ = {
			isa = PBXSourcesBuildPhase;
			buildActionMask = 2147483647;
			files = (
			);
			runOnlyForDeploymentPostprocessing = 0;
		};
/* End PBXSourcesBuildPhase section */

/* Begin PBXTargetDependency section */
		9197CB822E4F9EF100304E8C /* PBXTargetDependency */ = {
			isa = PBXTargetDependency;
			target = 9197CB712E4F9EEB00304E8C /* byrdio */;
			targetProxy = 9197CB812E4F9EF100304E8C /* PBXContainerItemProxy */;
		};
		9197CB8C2E4F9EF100304E8C /* PBXTargetDependency */ = {
			isa = PBXTargetDependency;
			target = 9197CB712E4F9EEB00304E8C /* byrdio */;
			targetProxy = 9197CB8B2E4F9EF100304E8C /* PBXContainerItemProxy */;
		};
/* End PBXTargetDependency section */

/* Begin XCBuildConfiguration section */
		9197CB922E4F9EF100304E8C /* Debug */ = {
			isa = XCBuildConfiguration;
			buildSettings = {
				ALWAYS_SEARCH_USER_PATHS = NO;
				ASSETCATALOG_COMPILER_GENERATE_SWIFT_ASSET_SYMBOL_EXTENSIONS = YES;
				CLANG_ANALYZER_NONNULL = YES;
				CLANG_ANALYZER_NUMBER_OBJECT_CONVERSION = YES_AGGRESSIVE;
				CLANG_CXX_LANGUAGE_STANDARD = "gnu++20";
				CLANG_ENABLE_MODULES = YES;
				CLANG_ENABLE_OBJC_ARC = YES;
				CLANG_ENABLE_OBJC_WEAK = YES;
				CLANG_WARN_BLOCK_CAPTURE_AUTORELEASING = YES;
				CLANG_WARN_BOOL_CONVERSION = YES;
				CLANG_WARN_COMMA = YES;
				CLANG_WARN_CONSTANT_CONVERSION = YES;
				CLANG_WARN_DEPRECATED_OBJC_IMPLEMENTATIONS = YES;
				CLANG_WARN_DIRECT_OBJC_ISA_USAGE = YES_ERROR;
				CLANG_WARN_DOCUMENTATION_COMMENTS = YES;
				CLANG_WARN_EMPTY_BODY = YES;
				CLANG_WARN_ENUM_CONVERSION = YES;
				CLANG_WARN_INFINITE_RECURSION = YES;
				CLANG_WARN_INT_CONVERSION = YES;
				CLANG_WARN_NON_LITERAL_NULL_CONVERSION = YES;
				CLANG_WARN_OBJC_IMPLICIT_RETAIN_SELF = YES;
				CLANG_WARN_OBJC_LITERAL_CONVERSION = YES;
				CLANG_WARN_OBJC_ROOT_CLASS = YES_ERROR;
				CLANG_WARN_QUOTED_INCLUDE_IN_FRAMEWORK_HEADER = YES;
				CLANG_WARN_RANGE_LOOP_ANALYSIS = YES;
				CLANG_WARN_STRICT_PROTOTYPES = YES;
				CLANG_WARN_SUSPICIOUS_MOVE = YES;
				CLANG_WARN_UNGUARDED_AVAILABILITY = YES_AGGRESSIVE;
				CLANG_WARN_UNREACHABLE_CODE = YES;
				CLANG_WARN__DUPLICATE_METHOD_MATCH = YES;
				COPY_PHASE_STRIP = NO;
				DEAD_CODE_STRIPPING = YES;
				DEBUG_INFORMATION_FORMAT = dwarf;
				DEVELOPMENT_TEAM = MUH2FY6L52;
				ENABLE_STRICT_OBJC_MSGSEND = YES;
				ENABLE_TESTABILITY = YES;
				ENABLE_USER_SCRIPT_SANDBOXING = YES;
				GCC_C_LANGUAGE_STANDARD = gnu17;
				GCC_DYNAMIC_NO_PIC = NO;
				GCC_NO_COMMON_BLOCKS = YES;
				GCC_OPTIMIZATION_LEVEL = 0;
				GCC_PREPROCESSOR_DEFINITIONS = (
					"DEBUG=1",
					"$(inherited)",
				);
				GCC_WARN_64_TO_32_BIT_CONVERSION = YES;
				GCC_WARN_ABOUT_RETURN_TYPE = YES_ERROR;
				GCC_WARN_UNDECLARED_SELECTOR = YES;
				GCC_WARN_UNINITIALIZED_AUTOS = YES_AGGRESSIVE;
				GCC_WARN_UNUSED_FUNCTION = YES;
				GCC_WARN_UNUSED_VARIABLE = YES;
				LOCALIZATION_PREFERS_STRING_CATALOGS = YES;
				MTL_ENABLE_DEBUG_INFO = INCLUDE_SOURCE;
				MTL_FAST_MATH = YES;
				ONLY_ACTIVE_ARCH = YES;
				STRING_CATALOG_GENERATE_SYMBOLS = YES;
				SWIFT_ACTIVE_COMPILATION_CONDITIONS = "DEBUG $(inherited)";
				SWIFT_OPTIMIZATION_LEVEL = "-Onone";
			};
			name = Debug;
		};
		9197CB932E4F9EF100304E8C /* Release */ = {
			isa = XCBuildConfiguration;
			buildSettings = {
				ALWAYS_SEARCH_USER_PATHS = NO;
				ASSETCATALOG_COMPILER_GENERATE_SWIFT_ASSET_SYMBOL_EXTENSIONS = YES;
				CLANG_ANALYZER_NONNULL = YES;
				CLANG_ANALYZER_NUMBER_OBJECT_CONVERSION = YES_AGGRESSIVE;
				CLANG_CXX_LANGUAGE_STANDARD = "gnu++20";
				CLANG_ENABLE_MODULES = YES;
				CLANG_ENABLE_OBJC_ARC = YES;
				CLANG_ENABLE_OBJC_WEAK = YES;
				CLANG_WARN_BLOCK_CAPTURE_AUTORELEASING = YES;
				CLANG_WARN_BOOL_CONVERSION = YES;
				CLANG_WARN_COMMA = YES;
				CLANG_WARN_CONSTANT_CONVERSION = YES;
				CLANG_WARN_DEPRECATED_OBJC_IMPLEMENTATIONS = YES;
				CLANG_WARN_DIRECT_OBJC_ISA_USAGE = YES_ERROR;
				CLANG_WARN_DOCUMENTATION_COMMENTS = YES;
				CLANG_WARN_EMPTY_BODY = YES;
				CLANG_WARN_ENUM_CONVERSION = YES;
				CLANG_WARN_INFINITE_RECURSION = YES;
				CLANG_WARN_INT_CONVERSION = YES;
				CLANG_WARN_NON_LITERAL_NULL_CONVERSION = YES;
				CLANG_WARN_OBJC_IMPLICIT_RETAIN_SELF = YES;
				CLANG_WARN_OBJC_LITERAL_CONVERSION = YES;
				CLANG_WARN_OBJC_ROOT_CLASS = YES_ERROR;
				CLANG_WARN_QUOTED_INCLUDE_IN_FRAMEWORK_HEADER = YES;
				CLANG_WARN_RANGE_LOOP_ANALYSIS = YES;
				CLANG_WARN_STRICT_PROTOTYPES = YES;
				CLANG_WARN_SUSPICIOUS_MOVE = YES;
				CLANG_WARN_UNGUARDED_AVAILABILITY = YES_AGGRESSIVE;
				CLANG_WARN_UNREACHABLE_CODE = YES;
				CLANG_WARN__DUPLICATE_METHOD_MATCH = YES;
				COPY_PHASE_STRIP = NO;
				DEAD_CODE_STRIPPING = YES;
				DEBUG_INFORMATION_FORMAT = "dwarf-with-dsym";
				DEVELOPMENT_TEAM = MUH2FY6L52;
				ENABLE_NS_ASSERTIONS = NO;
				ENABLE_STRICT_OBJC_MSGSEND = YES;
				ENABLE_USER_SCRIPT_SANDBOXING = YES;
				GCC_C_LANGUAGE_STANDARD = gnu17;
				GCC_NO_COMMON_BLOCKS = YES;
				GCC_WARN_64_TO_32_BIT_CONVERSION = YES;
				GCC_WARN_ABOUT_RETURN_TYPE = YES_ERROR;
				GCC_WARN_UNDECLARED_SELECTOR = YES;
				GCC_WARN_UNINITIALIZED_AUTOS = YES_AGGRESSIVE;
				GCC_WARN_UNUSED_FUNCTION = YES;
				GCC_WARN_UNUSED_VARIABLE = YES;
				LOCALIZATION_PREFERS_STRING_CATALOGS = YES;
				MTL_ENABLE_DEBUG_INFO = NO;
				MTL_FAST_MATH = YES;
				STRING_CATALOG_GENERATE_SYMBOLS = YES;
				SWIFT_COMPILATION_MODE = wholemodule;
			};
			name = Release;
		};
		9197CB952E4F9EF100304E8C /* Debug */ = {
			isa = XCBuildConfiguration;
			buildSettings = {
				ASSETCATALOG_COMPILER_APPICON_NAME = AppIcon;
				ASSETCATALOG_COMPILER_GLOBAL_ACCENT_COLOR_NAME = AccentColor;
				ASSETCATALOG_COMPILER_INCLUDE_ALL_APPICON_ASSETS = YES;
				CODE_SIGN_ALLOW_ENTITLEMENTS_MODIFICATION = YES;
				CODE_SIGN_ENTITLEMENTS = byrdio/byrdio.entitlements;
				CODE_SIGN_IDENTITY = "Apple Development";
				CODE_SIGN_STYLE = Automatic;
				CURRENT_PROJECT_VERSION = 1;
				DEAD_CODE_STRIPPING = YES;
				DEVELOPMENT_TEAM = MUH2FY6L52;
				ENABLE_APP_SANDBOX = YES;
				ENABLE_HARDENED_RUNTIME = YES;
				ENABLE_PREVIEWS = YES;
				ENABLE_USER_SELECTED_FILES = readonly;
				GENERATE_INFOPLIST_FILE = YES;
				INFOPLIST_FILE = byrdio/Info.plist;
				INFOPLIST_KEY_CFBundleDisplayName = byrdio;
				INFOPLIST_KEY_LSApplicationCategoryType = "public.app-category.music";
				"INFOPLIST_KEY_UIApplicationSceneManifest_Generation[sdk=iphoneos*]" = YES;
				"INFOPLIST_KEY_UIApplicationSceneManifest_Generation[sdk=iphonesimulator*]" = YES;
				"INFOPLIST_KEY_UIApplicationSupportsIndirectInputEvents[sdk=iphoneos*]" = YES;
				"INFOPLIST_KEY_UIApplicationSupportsIndirectInputEvents[sdk=iphonesimulator*]" = YES;
				"INFOPLIST_KEY_UIBackgroundModes[sdk=iphoneos*]" = audio;
				"INFOPLIST_KEY_UIBackgroundModes[sdk=iphonesimulator*]" = audio;
				"INFOPLIST_KEY_UILaunchScreen_Generation[sdk=iphoneos*]" = YES;
				"INFOPLIST_KEY_UILaunchScreen_Generation[sdk=iphonesimulator*]" = YES;
				"INFOPLIST_KEY_UIStatusBarStyle[sdk=iphoneos*]" = UIStatusBarStyleDefault;
				"INFOPLIST_KEY_UIStatusBarStyle[sdk=iphonesimulator*]" = UIStatusBarStyleDefault;
				INFOPLIST_KEY_UISupportedInterfaceOrientations_iPad = "UIInterfaceOrientationPortrait UIInterfaceOrientationPortraitUpsideDown UIInterfaceOrientationLandscapeLeft UIInterfaceOrientationLandscapeRight";
				INFOPLIST_KEY_UISupportedInterfaceOrientations_iPhone = "UIInterfaceOrientationPortrait UIInterfaceOrientationLandscapeLeft UIInterfaceOrientationLandscapeRight";
				IPHONEOS_DEPLOYMENT_TARGET = 18.6;
				LD_RUNPATH_SEARCH_PATHS = "@executable_path/Frameworks";
				"LD_RUNPATH_SEARCH_PATHS[sdk=macosx*]" = "@executable_path/../Frameworks";
				MACOSX_DEPLOYMENT_TARGET = 15.5;
				MARKETING_VERSION = 1.0;
				PRODUCT_BUNDLE_IDENTIFIER = vjiki;
				PRODUCT_NAME = "$(TARGET_NAME)";
				PROVISIONING_PROFILE_SPECIFIER = "";
				REGISTER_APP_GROUPS = YES;
				SDKROOT = auto;
				SUPPORTED_PLATFORMS = "iphoneos iphonesimulator";
				SUPPORTS_MACCATALYST = NO;
				SWIFT_EMIT_LOC_STRINGS = YES;
				SWIFT_VERSION = 5.0;
				TARGETED_DEVICE_FAMILY = 1;
				XROS_DEPLOYMENT_TARGET = 2.5;
			};
			name = Debug;
		};
		9197CB962E4F9EF100304E8C /* Release */ = {
			isa = XCBuildConfiguration;
			buildSettings = {
				ASSETCATALOG_COMPILER_APPICON_NAME = AppIcon;
				ASSETCATALOG_COMPILER_GLOBAL_ACCENT_COLOR_NAME = AccentColor;
				ASSETCATALOG_COMPILER_INCLUDE_ALL_APPICON_ASSETS = YES;
				CODE_SIGN_ALLOW_ENTITLEMENTS_MODIFICATION = YES;
				CODE_SIGN_ENTITLEMENTS = byrdio/byrdio.entitlements;
				CODE_SIGN_IDENTITY = "Apple Development";
				CODE_SIGN_STYLE = Automatic;
				CURRENT_PROJECT_VERSION = 1;
				DEAD_CODE_STRIPPING = YES;
				DEVELOPMENT_TEAM = MUH2FY6L52;
				ENABLE_APP_SANDBOX = YES;
				ENABLE_HARDENED_RUNTIME = YES;
				ENABLE_PREVIEWS = YES;
				ENABLE_USER_SELECTED_FILES = readonly;
				GENERATE_INFOPLIST_FILE = YES;
				INFOPLIST_FILE = byrdio/Info.plist;
				INFOPLIST_KEY_CFBundleDisplayName = byrdio;
				INFOPLIST_KEY_LSApplicationCategoryType = "public.app-category.music";
				"INFOPLIST_KEY_UIApplicationSceneManifest_Generation[sdk=iphoneos*]" = YES;
				"INFOPLIST_KEY_UIApplicationSceneManifest_Generation[sdk=iphonesimulator*]" = YES;
				"INFOPLIST_KEY_UIApplicationSupportsIndirectInputEvents[sdk=iphoneos*]" = YES;
				"INFOPLIST_KEY_UIApplicationSupportsIndirectInputEvents[sdk=iphonesimulator*]" = YES;
				"INFOPLIST_KEY_UIBackgroundModes[sdk=iphoneos*]" = audio;
				"INFOPLIST_KEY_UIBackgroundModes[sdk=iphonesimulator*]" = audio;
				"INFOPLIST_KEY_UILaunchScreen_Generation[sdk=iphoneos*]" = YES;
				"INFOPLIST_KEY_UILaunchScreen_Generation[sdk=iphonesimulator*]" = YES;
				"INFOPLIST_KEY_UIStatusBarStyle[sdk=iphoneos*]" = UIStatusBarStyleDefault;
				"INFOPLIST_KEY_UIStatusBarStyle[sdk=iphonesimulator*]" = UIStatusBarStyleDefault;
				INFOPLIST_KEY_UISupportedInterfaceOrientations_iPad = "UIInterfaceOrientationPortrait UIInterfaceOrientationPortraitUpsideDown UIInterfaceOrientationLandscapeLeft UIInterfaceOrientationLandscapeRight";
				INFOPLIST_KEY_UISupportedInterfaceOrientations_iPhone = "UIInterfaceOrientationPortrait UIInterfaceOrientationLandscapeLeft UIInterfaceOrientationLandscapeRight";
				IPHONEOS_DEPLOYMENT_TARGET = 18.6;
				LD_RUNPATH_SEARCH_PATHS = "@executable_path/Frameworks";
				"LD_RUNPATH_SEARCH_PATHS[sdk=macosx*]" = "@executable_path/../Frameworks";
				MACOSX_DEPLOYMENT_TARGET = 15.5;
				MARKETING_VERSION = 1.0;
				PRODUCT_BUNDLE_IDENTIFIER = vjiki;
				PRODUCT_NAME = "$(TARGET_NAME)";
				PROVISIONING_PROFILE_SPECIFIER = "";
				REGISTER_APP_GROUPS = YES;
				SDKROOT = auto;
				SUPPORTED_PLATFORMS = "iphoneos iphonesimulator";
				SUPPORTS_MACCATALYST = NO;
				SWIFT_EMIT_LOC_STRINGS = YES;
				SWIFT_VERSION = 5.0;
				TARGETED_DEVICE_FAMILY = 1;
				XROS_DEPLOYMENT_TARGET = 2.5;
			};
			name = Release;
		};
		9197CB982E4F9EF100304E8C /* Debug */ = {
			isa = XCBuildConfiguration;
			buildSettings = {
				BUNDLE_LOADER = "$(TEST_HOST)";
				CODE_SIGN_STYLE = Automatic;
				CURRENT_PROJECT_VERSION = 1;
				DEAD_CODE_STRIPPING = YES;
				DEVELOPMENT_TEAM = MUH2FY6L52;
				GENERATE_INFOPLIST_FILE = YES;
				IPHONEOS_DEPLOYMENT_TARGET = 18.5;
				MACOSX_DEPLOYMENT_TARGET = 15.5;
				MARKETING_VERSION = 1.0;
				PRODUCT_BUNDLE_IDENTIFIER = com.vjiki.byrdioTests;
				PRODUCT_NAME = "$(TARGET_NAME)";
				SDKROOT = auto;
				SUPPORTED_PLATFORMS = "iphoneos iphonesimulator macosx xros xrsimulator";
				SWIFT_EMIT_LOC_STRINGS = NO;
				SWIFT_VERSION = 5.0;
				TARGETED_DEVICE_FAMILY = "1,2,7";
				TEST_HOST = "$(BUILT_PRODUCTS_DIR)/byrdio.app/$(BUNDLE_EXECUTABLE_FOLDER_PATH)/byrdio";
				XROS_DEPLOYMENT_TARGET = 2.5;
			};
			name = Debug;
		};
		9197CB992E4F9EF100304E8C /* Release */ = {
			isa = XCBuildConfiguration;
			buildSettings = {
				BUNDLE_LOADER = "$(TEST_HOST)";
				CODE_SIGN_STYLE = Automatic;
				CURRENT_PROJECT_VERSION = 1;
				DEAD_CODE_STRIPPING = YES;
				DEVELOPMENT_TEAM = MUH2FY6L52;
				GENERATE_INFOPLIST_FILE = YES;
				IPHONEOS_DEPLOYMENT_TARGET = 18.5;
				MACOSX_DEPLOYMENT_TARGET = 15.5;
				MARKETING_VERSION = 1.0;
				PRODUCT_BUNDLE_IDENTIFIER = com.vjiki.byrdioTests;
				PRODUCT_NAME = "$(TARGET_NAME)";
				SDKROOT = auto;
				SUPPORTED_PLATFORMS = "iphoneos iphonesimulator macosx xros xrsimulator";
				SWIFT_EMIT_LOC_STRINGS = NO;
				SWIFT_VERSION = 5.0;
				TARGETED_DEVICE_FAMILY = "1,2,7";
				TEST_HOST = "$(BUILT_PRODUCTS_DIR)/byrdio.app/$(BUNDLE_EXECUTABLE_FOLDER_PATH)/byrdio";
				XROS_DEPLOYMENT_TARGET = 2.5;
			};
			name = Release;
		};
		9197CB9B2E4F9EF100304E8C /* Debug */ = {
			isa = XCBuildConfiguration;
			buildSettings = {
				CODE_SIGN_STYLE = Automatic;
				CURRENT_PROJECT_VERSION = 1;
				DEAD_CODE_STRIPPING = YES;
				DEVELOPMENT_TEAM = MUH2FY6L52;
				GENERATE_INFOPLIST_FILE = YES;
				IPHONEOS_DEPLOYMENT_TARGET = 18.5;
				MACOSX_DEPLOYMENT_TARGET = 15.5;
				MARKETING_VERSION = 1.0;
				PRODUCT_BUNDLE_IDENTIFIER = com.vjiki.byrdioUITests;
				PRODUCT_NAME = "$(TARGET_NAME)";
				SDKROOT = auto;
				SUPPORTED_PLATFORMS = "iphoneos iphonesimulator macosx xros xrsimulator";
				SWIFT_EMIT_LOC_STRINGS = NO;
				SWIFT_VERSION = 5.0;
				TARGETED_DEVICE_FAMILY = "1,2,7";
				TEST_TARGET_NAME = byrdio;
				XROS_DEPLOYMENT_TARGET = 2.5;
			};
			name = Debug;
		};
		9197CB9C2E4F9EF100304E8C /* Release */ = {
			isa = XCBuildConfiguration;
			buildSettings = {
				CODE_SIGN_STYLE = Automatic;
				CURRENT_PROJECT_VERSION = 1;
				DEAD_CODE_STRIPPING = YES;
				DEVELOPMENT_TEAM = MUH2FY6L52;
				GENERATE_INFOPLIST_FILE = YES;
				IPHONEOS_DEPLOYMENT_TARGET = 18.5;
				MACOSX_DEPLOYMENT_TARGET = 15.5;
				MARKETING_VERSION = 1.0;
				PRODUCT_BUNDLE_IDENTIFIER = com.vjiki.byrdioUITests;
				PRODUCT_NAME = "$(TARGET_NAME)";
				SDKROOT = auto;
				SUPPORTED_PLATFORMS = "iphoneos iphonesimulator macosx xros xrsimulator";
				SWIFT_EMIT_LOC_STRINGS = NO;
				SWIFT_VERSION = 5.0;
				TARGETED_DEVICE_FAMILY = "1,2,7";
				TEST_TARGET_NAME = byrdio;
				XROS_DEPLOYMENT_TARGET = 2.5;
			};
			name = Release;
		};
/* End XCBuildConfiguration section */

/* Begin XCConfigurationList section */
		9197CB6D2E4F9EEB00304E8C /* Build configuration list for PBXProject "byrdio" */ = {
			isa = XCConfigurationList;
			buildConfigurations = (
				9197CB922E4F9EF100304E8C /* Debug */,
				9197CB932E4F9EF100304E8C /* Release */,
			);
			defaultConfigurationIsVisible = 0;
			defaultConfigurationName = Release;
		};
		9197CB942E4F9EF100304E8C /* Build configuration list for PBXNativeTarget "byrdio" */ = {
			isa = XCConfigurationList;
			buildConfigurations = (
				9197CB952E4F9EF100304E8C /* Debug */,
				9197CB962E4F9EF100304E8C /* Release */,
			);
			defaultConfigurationIsVisible = 0;
			defaultConfigurationName = Release;
		};
		9197CB972E4F9EF100304E8C /* Build configuration list for PBXNativeTarget "byrdioTests" */ = {
			isa = XCConfigurationList;
			buildConfigurations = (
				9197CB982E4F9EF100304E8C /* Debug */,
				9197CB992E4F9EF100304E8C /* Release */,
			);
			defaultConfigurationIsVisible = 0;
			defaultConfigurationName = Release;
		};
		9197CB9A2E4F9EF100304E8C /* Build configuration list for PBXNativeTarget "byrdioUITests" */ = {
			isa = XCConfigurationList;
			buildConfigurations = (
				9197CB9B2E4F9EF100304E8C /* Debug */,
				9197CB9C2E4F9EF100304E8C /* Release */,
			);
			defaultConfigurationIsVisible = 0;
			defaultConfigurationName = Release;
		};
/* End XCConfigurationList section */

/* Begin XCRemoteSwiftPackageReference section */
		E6C8A2912EC2B71D00F52C2E /* XCRemoteSwiftPackageReference "GoogleSignIn-iOS" */ = {
			isa = XCRemoteSwiftPackageReference;
			repositoryURL = "https://github.com/google/GoogleSignIn-iOS";
			requirement = {
				kind = upToNextMajorVersion;
				minimumVersion = 9.0.0;
			};
		};
		E6F2DD352F003A86002708B0 /* XCRemoteSwiftPackageReference "firebase-ios-sdk" */ = {
			isa = XCRemoteSwiftPackageReference;
			repositoryURL = "https://github.com/firebase/firebase-ios-sdk";
			requirement = {
				kind = upToNextMajorVersion;
				minimumVersion = 12.7.0;
			};
		};
/* End XCRemoteSwiftPackageReference section */

/* Begin XCSwiftPackageProductDependency section */
		E6C8A2922EC2B71D00F52C2E /* GoogleSignIn */ = {
			isa = XCSwiftPackageProductDependency;
			package = E6C8A2912EC2B71D00F52C2E /* XCRemoteSwiftPackageReference "GoogleSignIn-iOS" */;
			productName = GoogleSignIn;
		};
		E6F2DD362F003A86002708B0 /* FirebaseAI */ = {
			isa = XCSwiftPackageProductDependency;
			package = E6F2DD352F003A86002708B0 /* XCRemoteSwiftPackageReference "firebase-ios-sdk" */;
			productName = FirebaseAI;
		};
		E6F2DD382F003A86002708B0 /* FirebaseAILogic */ = {
			isa = XCSwiftPackageProductDependency;
			package = E6F2DD352F003A86002708B0 /* XCRemoteSwiftPackageReference "firebase-ios-sdk" */;
			productName = FirebaseAILogic;
		};
		E6F2DD3A2F003A86002708B0 /* FirebaseAnalytics */ = {
			isa = XCSwiftPackageProductDependency;
			package = E6F2DD352F003A86002708B0 /* XCRemoteSwiftPackageReference "firebase-ios-sdk" */;
			productName = FirebaseAnalytics;
		};
		E6F2DD3C2F003A86002708B0 /* FirebaseAnalyticsCore */ = {
			isa = XCSwiftPackageProductDependency;
			package = E6F2DD352F003A86002708B0 /* XCRemoteSwiftPackageReference "firebase-ios-sdk" */;
			productName = FirebaseAnalyticsCore;
		};
		E6F2DD3E2F003A86002708B0 /* FirebaseAnalyticsIdentitySupport */ = {
			isa = XCSwiftPackageProductDependency;
			package = E6F2DD352F003A86002708B0 /* XCRemoteSwiftPackageReference "firebase-ios-sdk" */;
			productName = FirebaseAnalyticsIdentitySupport;
		};
		E6F2DD412F003A86002708B0 /* FirebaseAuth */ = {
			isa = XCSwiftPackageProductDependency;
			package = E6F2DD352F003A86002708B0 /* XCRemoteSwiftPackageReference "firebase-ios-sdk" */;
			productName = FirebaseAuth;
		};
		E6F2DD432F003A86002708B0 /* FirebaseCore */ = {
			isa = XCSwiftPackageProductDependency;
			package = E6F2DD352F003A86002708B0 /* XCRemoteSwiftPackageReference "firebase-ios-sdk" */;
			productName = FirebaseCore;
		};
/* End XCSwiftPackageProductDependency section */
	};
	rootObject = 9197CB6A2E4F9EEB00304E8C /* Project object */;
}
